
Microsoft Visual Studio Solution File, Format Version 12.00
# Visual Studio 15
VisualStudioVersion = 15.0.26730.8
MinimumVisualStudioVersion = 10.0.40219.1
Project("{FAE04EC0-301F-11D3-BF4B-00C04F79EFBC}") = "SimpleNet.Core.Data", "SimpleNet.Core.Data\SimpleNet.Core.Data.csproj", "{D24934A1-9964-4E5F-A39C-0DAEF484F063}"
EndProject
Project("{9A19103F-16F7-4668-BE54-9A1E7A4F7556}") = "SimpleNet.Core.Data.SqlServer", "SimpleNet.Core.Data.SqlServer\SimpleNet.Core.Data.SqlServer.csproj", "{E3145CFF-73A3-447D-BE65-307D404D9AC6}"
EndProject
Project("{FAE04EC0-301F-11D3-BF4B-00C04F79EFBC}") = "SimpleNet.Core.Data.SqLite", "SimpleNet.Core.Data.SqlLite\SimpleNet.Core.Data.SqLite.csproj", "{39A4754D-3744-4652-BD3B-0BC0F6592A2B}"
EndProject
Global
	GlobalSection(SolutionConfigurationPlatforms) = preSolution
		Debug|Any CPU = Debug|Any CPU
		Release|Any CPU = Release|Any CPU
	EndGlobalSection
	GlobalSection(ProjectConfigurationPlatforms) = postSolution
		{D24934A1-9964-4E5F-A39C-0DAEF484F063}.Debug|Any CPU.ActiveCfg = Debug|Any CPU
		{D24934A1-9964-4E5F-A39C-0DAEF484F063}.Debug|Any CPU.Build.0 = Debug|Any CPU
		{D24934A1-9964-4E5F-A39C-0DAEF484F063}.Release|Any CPU.ActiveCfg = Release|Any CPU
		{D24934A1-9964-4E5F-A39C-0DAEF484F063}.Release|Any CPU.Build.0 = Release|Any CPU
		{E3145CFF-73A3-447D-BE65-307D404D9AC6}.Debug|Any CPU.ActiveCfg = Debug|Any CPU
		{E3145CFF-73A3-447D-BE65-307D404D9AC6}.Debug|Any CPU.Build.0 = Debug|Any CPU
		{E3145CFF-73A3-447D-BE65-307D404D9AC6}.Release|Any CPU.ActiveCfg = Release|Any CPU
		{E3145CFF-73A3-447D-BE65-307D404D9AC6}.Release|Any CPU.Build.0 = Release|Any CPU
		{39A4754D-3744-4652-BD3B-0BC0F6592A2B}.Debug|Any CPU.ActiveCfg = Debug|Any CPU
		{39A4754D-3744-4652-BD3B-0BC0F6592A2B}.Debug|Any CPU.Build.0 = Debug|Any CPU
		{39A4754D-3744-4652-BD3B-0BC0F6592A2B}.Release|Any CPU.ActiveCfg = Release|Any CPU
		{39A4754D-3744-4652-BD3B-0BC0F6592A2B}.Release|Any CPU.Build.0 = Release|Any CPU
	EndGlobalSection
	GlobalSection(SolutionProperties) = preSolution
		HideSolutionNode = FALSE
	EndGlobalSection
	GlobalSection(ExtensibilityGlobals) = postSolution
		SolutionGuid = {3091B72B-4BFA-4FE6-8E1E-B57267378BCD}
	EndGlobalSection
EndGlobal
